
Microsoft Visual Studio Solution File, Format Version 12.00
# Visual Studio Version 16
VisualStudioVersion = 16.0.31105.61
MinimumVisualStudioVersion = 10.0.40219.1
Project("{FAE04EC0-301F-11D3-BF4B-00C04F79EFBC}") = "Verification", "Verification\Verification.csproj", "{298CDF68-CFDB-4170-BCAE-C28BC07B2A50}"
EndProject
Global
	GlobalSection(SolutionConfigurationPlatforms) = preSolution
		Debug|Any CPU = Debug|Any CPU
		Release|Any CPU = Release|Any CPU
	EndGlobalSection
	GlobalSection(ProjectConfigurationPlatforms) = postSolution
		{298CDF68-CFDB-4170-BCAE-C28BC07B2A50}.Debug|Any CPU.ActiveCfg = Debug|Any CPU
		{298CDF68-CFDB-4170-BCAE-C28BC07B2A50}.Debug|Any CPU.Build.0 = Debug|Any CPU
		{298CDF68-CFDB-4170-BCAE-C28BC07B2A50}.Release|Any CPU.ActiveCfg = Release|Any CPU
		{298CDF68-CFDB-4170-BCAE-C28BC07B2A50}.Release|Any CPU.Build.0 = Release|Any CPU
	EndGlobalSection
	GlobalSection(SolutionProperties) = preSolution
		HideSolutionNode = FALSE
	EndGlobalSection
	GlobalSection(ExtensibilityGlobals) = postSolution
		SolutionGuid = {4E8C0A51-6FAC-4A09-9263-CD89CD8D4A4D}
	EndGlobalSection
EndGlobal
